
Microsoft Visual Studio Solution File, Format Version 12.00
# Visual Studio 2013
VisualStudioVersion = 12.0.40629.0
MinimumVisualStudioVersion = 10.0.40219.1
Project("{FAE04EC0-301F-11D3-BF4B-00C04F79EFBC}") = "DesignPattern", "DesignPattern\DesignPattern.csproj", "{DC2CD02F-1180-47DC-BDFA-C2DBFBD422DF}"
EndProject
Project("{FAE04EC0-301F-11D3-BF4B-00C04F79EFBC}") = "DesignPattern.Test", "DesignPattern.Test\DesignPattern.Test.csproj", "{2129A50B-599E-4E79-9146-6659A393DA47}"
EndProject
Global
	GlobalSection(SolutionConfigurationPlatforms) = preSolution
		Debug|Any CPU = Debug|Any CPU
		Release|Any CPU = Release|Any CPU
	EndGlobalSection
	GlobalSection(ProjectConfigurationPlatforms) = postSolution
		{DC2CD02F-1180-47DC-BDFA-C2DBFBD422DF}.Debug|Any CPU.ActiveCfg = Debug|Any CPU
		{DC2CD02F-1180-47DC-BDFA-C2DBFBD422DF}.Debug|Any CPU.Build.0 = Debug|Any CPU
		{DC2CD02F-1180-47DC-BDFA-C2DBFBD422DF}.Release|Any CPU.ActiveCfg = Release|Any CPU
		{DC2CD02F-1180-47DC-BDFA-C2DBFBD422DF}.Release|Any CPU.Build.0 = Release|Any CPU
		{2129A50B-599E-4E79-9146-6659A393DA47}.Debug|Any CPU.ActiveCfg = Debug|Any CPU
		{2129A50B-599E-4E79-9146-6659A393DA47}.Debug|Any CPU.Build.0 = Debug|Any CPU
		{2129A50B-599E-4E79-9146-6659A393DA47}.Release|Any CPU.ActiveCfg = Release|Any CPU
		{2129A50B-599E-4E79-9146-6659A393DA47}.Release|Any CPU.Build.0 = Release|Any CPU
	EndGlobalSection
	GlobalSection(SolutionProperties) = preSolution
		HideSolutionNode = FALSE
	EndGlobalSection
EndGlobal
